Microsoft Visual Studio Solution File, Format Version 11.00
# Visual Studio 2010
Project("{D6B42EB3-E0BF-EBCD-7CA2-9C1D6EDF746B}") = "rejuce", "rejuce.vcxproj", "{EF5525F8-BC0E-F737-0281-F0B6F57CA3F7}"
EndProject
Global
	GlobalSection(SolutionConfigurationPlatforms) = preSolution
		Debug|Win32 = Debug|Win32
		Release|Win32 = Release|Win32
	EndGlobalSection
	GlobalSection(ProjectConfigurationPlatforms) = postSolution
		{EF5525F8-BC0E-F737-0281-F0B6F57CA3F7}.Debug|Win32.ActiveCfg = Debug|Win32
		{EF5525F8-BC0E-F737-0281-F0B6F57CA3F7}.Debug|Win32.Build.0 = Debug|Win32
		{EF5525F8-BC0E-F737-0281-F0B6F57CA3F7}.Release|Win32.ActiveCfg = Release|Win32
		{EF5525F8-BC0E-F737-0281-F0B6F57CA3F7}.Release|Win32.Build.0 = Release|Win32
	EndGlobalSection
	GlobalSection(SolutionProperties) = preSolution
		HideSolutionNode = FALSE
	EndGlobalSection
EndGlobal
